// !$*UTF8*$!
{
	archiveVersion = 1;
	classes = {
	};
	objectVersion = 50;
	objects = {

/* Begin PBXBuildFile section */
		5E94303A23C35EE100F75717 /* AppDelegate.swift in Sources */ = {isa = PBXBuildFile; fileRef = 5E94303923C35EE100F75717 /* AppDelegate.swift */; };
		5E94303C23C35EE200F75717 /* SceneDelegate.swift in Sources */ = {isa = PBXBuildFile; fileRef = 5E94303B23C35EE200F75717 /* SceneDelegate.swift */; };
		5E94303E23C35EE200F75717 /* ViewController.swift in Sources */ = {isa = PBXBuildFile; fileRef = 5E94303D23C35EE200F75717 /* ViewController.swift */; };
		5E94304123C35EE200F75717 /* Main.storyboard in Resources */ = {isa = PBXBuildFile; fileRef = 5E94303F23C35EE200F75717 /* Main.storyboard */; };
		5E94304323C35EE500F75717 /* Assets.xcassets in Resources */ = {isa = PBXBuildFile; fileRef = 5E94304223C35EE500F75717 /* Assets.xcassets */; };
		5E94304623C35EE500F75717 /* LaunchScreen.storyboard in Resources */ = {isa = PBXBuildFile; fileRef = 5E94304423C35EE500F75717 /* LaunchScreen.storyboard */; };
		5E94305123C35EE600F75717 /* CardFlowTests.swift in Sources */ = {isa = PBXBuildFile; fileRef = 5E94305023C35EE600F75717 /* CardFlowTests.swift */; };
		5E94305C23C35EE600F75717 /* CardFlowUITests.swift in Sources */ = {isa = PBXBuildFile; fileRef = 5E94305B23C35EE600F75717 /* CardFlowUITests.swift */; };
/* End PBXBuildFile section */

/* Begin PBXContainerItemProxy section */
		5E94304D23C35EE600F75717 /* PBXContainerItemProxy */ = {
			isa = PBXContainerItemProxy;
			containerPortal = 5E94302E23C35EE100F75717 /* Project object */;
			proxyType = 1;
			remoteGlobalIDString = 5E94303523C35EE100F75717;
			remoteInfo = CardFlow;
		};
		5E94305823C35EE600F75717 /* PBXContainerItemProxy */ = {
			isa = PBXContainerItemProxy;
			containerPortal = 5E94302E23C35EE100F75717 /* Project object */;
			proxyType = 1;
			remoteGlobalIDString = 5E94303523C35EE100F75717;
			remoteInfo = CardFlow;
		};
/* End PBXContainerItemProxy section */

/* Begin PBXFileReference section */
		5E94303623C35EE100F75717 /* CardFlow.app */ = {isa = PBXFileReference; explicitFileType = wrapper.application; includeInIndex = 0; path = CardFlow.app; sourceTree = BUILT_PRODUCTS_DIR; };
		5E94303923C35EE100F75717 /* AppDelegate.swift */ = {isa = PBXFileReference; lastKnownFileType = sourcecode.swift; path = AppDelegate.swift; sourceTree = "<group>"; };
		5E94303B23C35EE200F75717 /* SceneDelegate.swift */ = {isa = PBXFileReference; lastKnownFileType = sourcecode.swift; path = SceneDelegate.swift; sourceTree = "<group>"; };
		5E94303D23C35EE200F75717 /* ViewController.swift */ = {isa = PBXFileReference; lastKnownFileType = sourcecode.swift; path = ViewController.swift; sourceTree = "<group>"; };
		5E94304023C35EE200F75717 /* Base */ = {isa = PBXFileReference; lastKnownFileType = file.storyboard; name = Base; path = Base.lproj/Main.storyboard; sourceTree = "<group>"; };
		5E94304223C35EE500F75717 /* Assets.xcassets */ = {isa = PBXFileReference; lastKnownFileType = folder.assetcatalog; path = Assets.xcassets; sourceTree = "<group>"; };
		5E94304523C35EE500F75717 /* Base */ = {isa = PBXFileReference; lastKnownFileType = file.storyboard; name = Base; path = Base.lproj/LaunchScreen.storyboard; sourceTree = "<group>"; };
		5E94304723C35EE500F75717 /* Info.plist */ = {isa = PBXFileReference; lastKnownFileType = text.plist.xml; path = Info.plist; sourceTree = "<group>"; };
		5E94304C23C35EE600F75717 /* CardFlowTests.xctest */ = {isa = PBXFileReference; explicitFileType = wrapper.cfbundle; includeInIndex = 0; path = CardFlowTests.xctest; sourceTree = BUILT_PRODUCTS_DIR; };
		5E94305023C35EE600F75717 /* CardFlowTests.swift */ = {isa = PBXFileReference; lastKnownFileType = sourcecode.swift; path = CardFlowTests.swift; sourceTree = "<group>"; };
		5E94305223C35EE600F75717 /* Info.plist */ = {isa = PBXFileReference; lastKnownFileType = text.plist.xml; path = Info.plist; sourceTree = "<group>"; };
		5E94305723C35EE600F75717 /* CardFlowUITests.xctest */ = {isa = PBXFileReference; explicitFileType = wrapper.cfbundle; includeInIndex = 0; path = CardFlowUITests.xctest; sourceTree = BUILT_PRODUCTS_DIR; };
		5E94305B23C35EE600F75717 /* CardFlowUITests.swift */ = {isa = PBXFileReference; lastKnownFileType = sourcecode.swift; path = CardFlowUITests.swift; sourceTree = "<group>"; };
		5E94305D23C35EE600F75717 /* Info.plist */ = {isa = PBXFileReference; lastKnownFileType = text.plist.xml; path = Info.plist; sourceTree = "<group>"; };
/* End PBXFileReference section */

/* Begin PBXFrameworksBuildPhase section */
		5E94303323C35EE100F75717 /* Frameworks */ = {
			isa = PBXFrameworksBuildPhase;
			buildActionMask = 2147483647;
			files = (
			);
			runOnlyForDeploymentPostprocessing = 0;
		};
		5E94304923C35EE600F75717 /* Frameworks */ = {
			isa = PBXFrameworksBuildPhase;
			buildActionMask = 2147483647;
			files = (
			);
			runOnlyForDeploymentPostprocessing = 0;
		};
		5E94305423C35EE600F75717 /* Frameworks */ = {
			isa = PBXFrameworksBuildPhase;
			buildActionMask = 2147483647;
			files = (
			);
			runOnlyForDeploymentPostprocessing = 0;
		};
/* End PBXFrameworksBuildPhase section */

/* Begin PBXGroup section */
		5E94302D23C35EE100F75717 = {
			isa = PBXGroup;
			children = (
				5E94303823C35EE100F75717 /* CardFlow */,
				5E94304F23C35EE600F75717 /* CardFlowTests */,
				5E94305A23C35EE600F75717 /* CardFlowUITests */,
				5E94303723C35EE100F75717 /* Products */,
			);
			sourceTree = "<group>";
		};
		5E94303723C35EE100F75717 /* Products */ = {
			isa = PBXGroup;
			children = (
				5E94303623C35EE100F75717 /* CardFlow.app */,
				5E94304C23C35EE600F75717 /* CardFlowTests.xctest */,
				5E94305723C35EE600F75717 /* CardFlowUITests.xctest */,
			);
			name = Products;
			sourceTree = "<group>";
		};
		5E94303823C35EE100F75717 /* CardFlow */ = {
			isa = PBXGroup;
			children = (
				5E94303923C35EE100F75717 /* AppDelegate.swift */,
				5E94303B23C35EE200F75717 /* SceneDelegate.swift */,
				5E94303D23C35EE200F75717 /* ViewController.swift */,
				5E94303F23C35EE200F75717 /* Main.storyboard */,
				5E94304223C35EE500F75717 /* Assets.xcassets */,
				5E94304423C35EE500F75717 /* LaunchScreen.storyboard */,
				5E94304723C35EE500F75717 /* Info.plist */,
			);
			path = CardFlow;
			sourceTree = "<group>";
		};
		5E94304F23C35EE600F75717 /* CardFlowTests */ = {
			isa = PBXGroup;
			children = (
				5E94305023C35EE600F75717 /* CardFlowTests.swift */,
				5E94305223C35EE600F75717 /* Info.plist */,
			);
			path = CardFlowTests;
			sourceTree = "<group>";
		};
		5E94305A23C35EE600F75717 /* CardFlowUITests */ = {
			isa = PBXGroup;
			children = (
				5E94305B23C35EE600F75717 /* CardFlowUITests.swift */,
				5E94305D23C35EE600F75717 /* Info.plist */,
			);
			path = CardFlowUITests;
			sourceTree = "<group>";
		};
/* End PBXGroup section */

/* Begin PBXNativeTarget section */
		5E94303523C35EE100F75717 /* CardFlow */ = {
			isa = PBXNativeTarget;
			buildConfigurationList = 5E94306023C35EE600F75717 /* Build configuration list for PBXNativeTarget "CardFlow" */;
			buildPhases = (
				5E94303223C35EE100F75717 /* Sources */,
				5E94303323C35EE100F75717 /* Frameworks */,
				5E94303423C35EE100F75717 /* Resources */,
			);
			buildRules = (
			);
			dependencies = (
			);
			name = CardFlow;
			productName = CardFlow;
			productReference = 5E94303623C35EE100F75717 /* CardFlow.app */;
			productType = "com.apple.product-type.application";
		};
		5E94304B23C35EE600F75717 /* CardFlowTests */ = {
			isa = PBXNativeTarget;
			buildConfigurationList = 5E94306323C35EE600F75717 /* Build configuration list for PBXNativeTarget "CardFlowTests" */;
			buildPhases = (
				5E94304823C35EE600F75717 /* Sources */,
				5E94304923C35EE600F75717 /* Frameworks */,
				5E94304A23C35EE600F75717 /* Resources */,
			);
			buildRules = (
			);
			dependencies = (
				5E94304E23C35EE600F75717 /* PBXTargetDependency */,
			);
			name = CardFlowTests;
			productName = CardFlowTests;
			productReference = 5E94304C23C35EE600F75717 /* CardFlowTests.xctest */;
			productType = "com.apple.product-type.bundle.unit-test";
		};
		5E94305623C35EE600F75717 /* CardFlowUITests */ = {
			isa = PBXNativeTarget;
			buildConfigurationList = 5E94306623C35EE600F75717 /* Build configuration list for PBXNativeTarget "CardFlowUITests" */;
			buildPhases = (
				5E94305323C35EE600F75717 /* Sources */,
				5E94305423C35EE600F75717 /* Frameworks */,
				5E94305523C35EE600F75717 /* Resources */,
			);
			buildRules = (
			);
			dependencies = (
				5E94305923C35EE600F75717 /* PBXTargetDependency */,
			);
			name = CardFlowUITests;
			productName = CardFlowUITests;
			productReference = 5E94305723C35EE600F75717 /* CardFlowUITests.xctest */;
			productType = "com.apple.product-type.bundle.ui-testing";
		};
/* End PBXNativeTarget section */

/* Begin PBXProject section */
		5E94302E23C35EE100F75717 /* Project object */ = {
			isa = PBXProject;
			attributes = {
				LastSwiftUpdateCheck = 1120;
				LastUpgradeCheck = 1120;
				ORGANIZATIONNAME = Mi;
				TargetAttributes = {
					5E94303523C35EE100F75717 = {
						CreatedOnToolsVersion = 11.2.1;
					};
					5E94304B23C35EE600F75717 = {
						CreatedOnToolsVersion = 11.2.1;
						TestTargetID = 5E94303523C35EE100F75717;
					};
					5E94305623C35EE600F75717 = {
						CreatedOnToolsVersion = 11.2.1;
						TestTargetID = 5E94303523C35EE100F75717;
					};
				};
			};
			buildConfigurationList = 5E94303123C35EE100F75717 /* Build configuration list for PBXProject "CardFlow" */;
			compatibilityVersion = "Xcode 9.3";
			developmentRegion = en;
			hasScannedForEncodings = 0;
			knownRegions = (
				en,
				Base,
			);
			mainGroup = 5E94302D23C35EE100F75717;
			productRefGroup = 5E94303723C35EE100F75717 /* Products */;
			projectDirPath = "";
			projectRoot = "";
			targets = (
				5E94303523C35EE100F75717 /* CardFlow */,
				5E94304B23C35EE600F75717 /* CardFlowTests */,
				5E94305623C35EE600F75717 /* CardFlowUITests */,
			);
		};
/* End PBXProject section */

/* Begin PBXResourcesBuildPhase section */
		5E94303423C35EE100F75717 /* Resources */ = {
			isa = PBXResourcesBuildPhase;
			buildActionMask = 2147483647;
			files = (
				5E94304623C35EE500F75717 /* LaunchScreen.storyboard in Resources */,
				5E94304323C35EE500F75717 /* Assets.xcassets in Resources */,
				5E94304123C35EE200F75717 /* Main.storyboard in Resources */,
			);
			runOnlyForDeploymentPostprocessing = 0;
		};
		5E94304A23C35EE600F75717 /* Resources */ = {
			isa = PBXResourcesBuildPhase;
			buildActionMask = 2147483647;
			files = (
			);
			runOnlyForDeploymentPostprocessing = 0;
		};
		5E94305523C35EE600F75717 /* Resources */ = {
			isa = PBXResourcesBuildPhase;
			buildActionMask = 2147483647;
			files = (
			);
			runOnlyForDeploymentPostprocessing = 0;
		};
/* End PBXResourcesBuildPhase section */

/* Begin PBXSourcesBuildPhase section */
		5E94303223C35EE100F75717 /* Sources */ = {
			isa = PBXSourcesBuildPhase;
			buildActionMask = 2147483647;
			files = (
				5E94303E23C35EE200F75717 /* ViewController.swift in Sources */,
				5E94303A23C35EE100F75717 /* AppDelegate.swift in Sources */,
				5E94303C23C35EE200F75717 /* SceneDelegate.swift in Sources */,
			);
			runOnlyForDeploymentPostprocessing = 0;
		};
		5E94304823C35EE600F75717 /* Sources */ = {
			isa = PBXSourcesBuildPhase;
			buildActionMask = 2147483647;
			files = (
				5E94305123C35EE600F75717 /* CardFlowTests.swift in Sources */,
			);
			runOnlyForDeploymentPostprocessing = 0;
		};
		5E94305323C35EE600F75717 /* Sources */ = {
			isa = PBXSourcesBuildPhase;
			buildActionMask = 2147483647;
			files = (
				5E94305C23C35EE600F75717 /* CardFlowUITests.swift in Sources */,
			);
			runOnlyForDeploymentPostprocessing = 0;
		};
/* End PBXSourcesBuildPhase section */

/* Begin PBXTargetDependency section */
		5E94304E23C35EE600F75717 /* PBXTargetDependency */ = {
			isa = PBXTargetDependency;
			target = 5E94303523C35EE100F75717 /* CardFlow */;
			targetProxy = 5E94304D23C35EE600F75717 /* PBXContainerItemProxy */;
		};
		5E94305923C35EE600F75717 /* PBXTargetDependency */ = {
			isa = PBXTargetDependency;
			target = 5E94303523C35EE100F75717 /* CardFlow */;
			targetProxy = 5E94305823C35EE600F75717 /* PBXContainerItemProxy */;
		};
/* End PBXTargetDependency section */

/* Begin PBXVariantGroup section */
		5E94303F23C35EE200F75717 /* Main.storyboard */ = {
			isa = PBXVariantGroup;
			children = (
				5E94304023C35EE200F75717 /* Base */,
			);
			name = Main.storyboard;
			sourceTree = "<group>";
		};
		5E94304423C35EE500F75717 /* LaunchScreen.storyboard */ = {
			isa = PBXVariantGroup;
			children = (
				5E94304523C35EE500F75717 /* Base */,
			);
			name = LaunchScreen.storyboard;
			sourceTree = "<group>";
		};
/* End PBXVariantGroup section */

/* Begin XCBuildConfiguration section */
		5E94305E23C35EE600F75717 /* Debug */ = {
			isa = XCBuildConfiguration;
			buildSettings = {
				ALWAYS_SEARCH_USER_PATHS = NO;
				CLANG_ANALYZER_NONNULL = YES;
				CLANG_ANALYZER_NUMBER_OBJECT_CONVERSION = YES_AGGRESSIVE;
				CLANG_CXX_LANGUAGE_STANDARD = "gnu++14";
				CLANG_CXX_LIBRARY = "libc++";
				CLANG_ENABLE_MODULES = YES;
				CLANG_ENABLE_OBJC_ARC = YES;
				CLANG_ENABLE_OBJC_WEAK = YES;
				CLANG_WARN_BLOCK_CAPTURE_AUTORELEASING = YES;
				CLANG_WARN_BOOL_CONVERSION = YES;
				CLANG_WARN_COMMA = YES;
				CLANG_WARN_CONSTANT_CONVERSION = YES;
				CLANG_WARN_DEPRECATED_OBJC_IMPLEMENTATIONS = YES;
				CLANG_WARN_DIRECT_OBJC_ISA_USAGE = YES_ERROR;
				CLANG_WARN_DOCUMENTATION_COMMENTS = YES;
				CLANG_WARN_EMPTY_BODY = YES;
				CLANG_WARN_ENUM_CONVERSION = YES;
				CLANG_WARN_INFINITE_RECURSION = YES;
				CLANG_WARN_INT_CONVERSION = YES;
				CLANG_WARN_NON_LITERAL_NULL_CONVERSION = YES;
				CLANG_WARN_OBJC_IMPLICIT_RETAIN_SELF = YES;
				CLANG_WARN_OBJC_LITERAL_CONVERSION = YES;
				CLANG_WARN_OBJC_ROOT_CLASS = YES_ERROR;
				CLANG_WARN_RANGE_LOOP_ANALYSIS = YES;
				CLANG_WARN_STRICT_PROTOTYPES = YES;
				CLANG_WARN_SUSPICIOUS_MOVE = YES;
				CLANG_WARN_UNGUARDED_AVAILABILITY = YES_AGGRESSIVE;
				CLANG_WARN_UNREACHABLE_CODE = YES;
				CLANG_WARN__DUPLICATE_METHOD_MATCH = YES;
				COPY_PHASE_STRIP = NO;
				DEBUG_INFORMATION_FORMAT = dwarf;
				ENABLE_STRICT_OBJC_MSGSEND = YES;
				ENABLE_TESTABILITY = YES;
				GCC_C_LANGUAGE_STANDARD = gnu11;
				GCC_DYNAMIC_NO_PIC = NO;
				GCC_NO_COMMON_BLOCKS = YES;
				GCC_OPTIMIZATION_LEVEL = 0;
				GCC_PREPROCESSOR_DEFINITIONS = (
					"DEBUG=1",
					"$(inherited)",
				);
				GCC_WARN_64_TO_32_BIT_CONVERSION = YES;
				GCC_WARN_ABOUT_RETURN_TYPE = YES_ERROR;
				GCC_WARN_UNDECLARED_SELECTOR = YES;
				GCC_WARN_UNINITIALIZED_AUTOS = YES_AGGRESSIVE;
				GCC_WARN_UNUSED_FUNCTION = YES;
				GCC_WARN_UNUSED_VARIABLE = YES;
				IPHONEOS_DEPLOYMENT_TARGET = 13.2;
				MTL_ENABLE_DEBUG_INFO = INCLUDE_SOURCE;
				MTL_FAST_MATH = YES;
				ONLY_ACTIVE_ARCH = YES;
				SDKROOT = iphoneos;
				SWIFT_ACTIVE_COMPILATION_CONDITIONS = DEBUG;
				SWIFT_OPTIMIZATION_LEVEL = "-Onone";
			};
			name = Debug;
		};
		5E94305F23C35EE600F75717 /* Release */ = {
			isa = XCBuildConfiguration;
			buildSettings = {
				ALWAYS_SEARCH_USER_PATHS = NO;
				CLANG_ANALYZER_NONNULL = YES;
				CLANG_ANALYZER_NUMBER_OBJECT_CONVERSION = YES_AGGRESSIVE;
				CLANG_CXX_LANGUAGE_STANDARD = "gnu++14";
				CLANG_CXX_LIBRARY = "libc++";
				CLANG_ENABLE_MODULES = YES;
				CLANG_ENABLE_OBJC_ARC = YES;
				CLANG_ENABLE_OBJC_WEAK = YES;
				CLANG_WARN_BLOCK_CAPTURE_AUTORELEASING = YES;
				CLANG_WARN_BOOL_CONVERSION = YES;
				CLANG_WARN_COMMA = YES;
				CLANG_WARN_CONSTANT_CONVERSION = YES;
				CLANG_WARN_DEPRECATED_OBJC_IMPLEMENTATIONS = YES;
				CLANG_WARN_DIRECT_OBJC_ISA_USAGE = YES_ERROR;
				CLANG_WARN_DOCUMENTATION_COMMENTS = YES;
				CLANG_WARN_EMPTY_BODY = YES;
				CLANG_WARN_ENUM_CONVERSION = YES;
				CLANG_WARN_INFINITE_RECURSION = YES;
				CLANG_WARN_INT_CONVERSION = YES;
				CLANG_WARN_NON_LITERAL_NULL_CONVERSION = YES;
				CLANG_WARN_OBJC_IMPLICIT_RETAIN_SELF = YES;
				CLANG_WARN_OBJC_LITERAL_CONVERSION = YES;
				CLANG_WARN_OBJC_ROOT_CLASS = YES_ERROR;
				CLANG_WARN_RANGE_LOOP_ANALYSIS = YES;
				CLANG_WARN_STRICT_PROTOTYPES = YES;
				CLANG_WARN_SUSPICIOUS_MOVE = YES;
				CLANG_WARN_UNGUARDED_AVAILABILITY = YES_AGGRESSIVE;
				CLANG_WARN_UNREACHABLE_CODE = YES;
				CLANG_WARN__DUPLICATE_METHOD_MATCH = YES;
				COPY_PHASE_STRIP = NO;
				DEBUG_INFORMATION_FORMAT = "dwarf-with-dsym";
				ENABLE_NS_ASSERTIONS = NO;
				ENABLE_STRICT_OBJC_MSGSEND = YES;
				GCC_C_LANGUAGE_STANDARD = gnu11;
				GCC_NO_COMMON_BLOCKS = YES;
				GCC_WARN_64_TO_32_BIT_CONVERSION = YES;
				GCC_WARN_ABOUT_RETURN_TYPE = YES_ERROR;
				GCC_WARN_UNDECLARED_SELECTOR = YES;
				GCC_WARN_UNINITIALIZED_AUTOS = YES_AGGRESSIVE;
				GCC_WARN_UNUSED_FUNCTION = YES;
				GCC_WARN_UNUSED_VARIABLE = YES;
				IPHONEOS_DEPLOYMENT_TARGET = 13.2;
				MTL_ENABLE_DEBUG_INFO = NO;
				MTL_FAST_MATH = YES;
				SDKROOT = iphoneos;
				SWIFT_COMPILATION_MODE = wholemodule;
				SWIFT_OPTIMIZATION_LEVEL = "-O";
				VALIDATE_PRODUCT = YES;
			};
			name = Release;
		};
		5E94306123C35EE600F75717 /* Debug */ = {
			isa = XCBuildConfiguration;
			buildSettings = {
				ASSETCATALOG_COMPILER_APPICON_NAME = AppIcon;
				CODE_SIGN_STYLE = Automatic;
				INFOPLIST_FILE = CardFlow/Info.plist;
				LD_RUNPATH_SEARCH_PATHS = (
					"$(inherited)",
					"@executable_path/Frameworks",
				);
				PRODUCT_BUNDLE_IDENTIFIER = com.mi.CardFlow;
				PRODUCT_NAME = "$(TARGET_NAME)";
				SWIFT_VERSION = 5.0;
				TARGETED_DEVICE_FAMILY = "1,2";
			};
			name = Debug;
		};
		5E94306223C35EE600F75717 /* Release */ = {
			isa = XCBuildConfiguration;
			buildSettings = {
				ASSETCATALOG_COMPILER_APPICON_NAME = AppIcon;
				CODE_SIGN_STYLE = Automatic;
				INFOPLIST_FILE = CardFlow/Info.plist;
				LD_RUNPATH_SEARCH_PATHS = (
					"$(inherited)",
					"@executable_path/Frameworks",
				);
				PRODUCT_BUNDLE_IDENTIFIER = com.mi.CardFlow;
				PRODUCT_NAME = "$(TARGET_NAME)";
				SWIFT_VERSION = 5.0;
				TARGETED_DEVICE_FAMILY = "1,2";
			};
			name = Release;
		};
		5E94306423C35EE600F75717 /* Debug */ = {
			isa = XCBuildConfiguration;
			buildSettings = {
				ALWAYS_EMBED_SWIFT_STANDARD_LIBRARIES = YES;
				BUNDLE_LOADER = "$(TEST_HOST)";
				CODE_SIGN_STYLE = Automatic;
				INFOPLIST_FILE = CardFlowTests/Info.plist;
				IPHONEOS_DEPLOYMENT_TARGET = 13.2;
				LD_RUNPATH_SEARCH_PATHS = (
					"$(inherited)",
					"@executable_path/Frameworks",
					"@loader_path/Frameworks",
				);
				PRODUCT_BUNDLE_IDENTIFIER = com.mi.CardFlowTests;
				PRODUCT_NAME = "$(TARGET_NAME)";
				SWIFT_VERSION = 5.0;
				TARGETED_DEVICE_FAMILY = "1,2";
				TEST_HOST = "$(BUILT_PRODUCTS_DIR)/CardFlow.app/CardFlow";
			};
			name = Debug;
		};
		5E94306523C35EE600F75717 /* Release */ = {
			isa = XCBuildConfiguration;
			buildSettings = {
				ALWAYS_EMBED_SWIFT_STANDARD_LIBRARIES = YES;
				BUNDLE_LOADER = "$(TEST_HOST)";
				CODE_SIGN_STYLE = Automatic;
				INFOPLIST_FILE = CardFlowTests/Info.plist;
				IPHONEOS_DEPLOYMENT_TARGET = 13.2;
				LD_RUNPATH_SEARCH_PATHS = (
					"$(inherited)",
					"@executable_path/Frameworks",
					"@loader_path/Frameworks",
				);
				PRODUCT_BUNDLE_IDENTIFIER = com.mi.CardFlowTests;
				PRODUCT_NAME = "$(TARGET_NAME)";
				SWIFT_VERSION = 5.0;
				TARGETED_DEVICE_FAMILY = "1,2";
				TEST_HOST = "$(BUILT_PRODUCTS_DIR)/CardFlow.app/CardFlow";
			};
			name = Release;
		};
		5E94306723C35EE600F75717 /* Debug */ = {
			isa = XCBuildConfiguration;
			buildSettings = {
				ALWAYS_EMBED_SWIFT_STANDARD_LIBRARIES = YES;
				CODE_SIGN_STYLE = Automatic;
				INFOPLIST_FILE = CardFlowUITests/Info.plist;
				LD_RUNPATH_SEARCH_PATHS = (
					"$(inherited)",
					"@executable_path/Frameworks",
					"@loader_path/Frameworks",
				);
				PRODUCT_BUNDLE_IDENTIFIER = com.mi.CardFlowUITests;
				PRODUCT_NAME = "$(TARGET_NAME)";
				SWIFT_VERSION = 5.0;
				TARGETED_DEVICE_FAMILY = "1,2";
				TEST_TARGET_NAME = CardFlow;
			};
			name = Debug;
		};
		5E94306823C35EE600F75717 /* Release */ = {
			isa = XCBuildConfiguration;
			buildSettings = {
				ALWAYS_EMBED_SWIFT_STANDARD_LIBRARIES = YES;
				CODE_SIGN_STYLE = Automatic;
				INFOPLIST_FILE = CardFlowUITests/Info.plist;
				LD_RUNPATH_SEARCH_PATHS = (
					"$(inherited)",
					"@executable_path/Frameworks",
					"@loader_path/Frameworks",
				);
				PRODUCT_BUNDLE_IDENTIFIER = com.mi.CardFlowUITests;
				PRODUCT_NAME = "$(TARGET_NAME)";
				SWIFT_VERSION = 5.0;
				TARGETED_DEVICE_FAMILY = "1,2";
				TEST_TARGET_NAME = CardFlow;
			};
			name = Release;
		};
/* End XCBuildConfiguration section */

/* Begin XCConfigurationList section */
		5E94303123C35EE100F75717 /* Build configuration list for PBXProject "CardFlow" */ = {
			isa = XCConfigurationList;
			buildConfigurations = (
				5E94305E23C35EE600F75717 /* Debug */,
				5E94305F23C35EE600F75717 /* Release */,
			);
			defaultConfigurationIsVisible = 0;
			defaultConfigurationName = Release;
		};
		5E94306023C35EE600F75717 /* Build configuration list for PBXNativeTarget "CardFlow" */ = {
			isa = XCConfigurationList;
			buildConfigurations = (
				5E94306123C35EE600F75717 /* Debug */,
				5E94306223C35EE600F75717 /* Release */,
			);
			defaultConfigurationIsVisible = 0;
			defaultConfigurationName = Release;
		};
		5E94306323C35EE600F75717 /* Build configuration list for PBXNativeTarget "CardFlowTests" */ = {
			isa = XCConfigurationList;
			buildConfigurations = (
				5E94306423C35EE600F75717 /* Debug */,
				5E94306523C35EE600F75717 /* Release */,
			);
			defaultConfigurationIsVisible = 0;
			defaultConfigurationName = Release;
		};
		5E94306623C35EE600F75717 /* Build configuration list for PBXNativeTarget "CardFlowUITests" */ = {
			isa = XCConfigurationList;
			buildConfigurations = (
				5E94306723C35EE600F75717 /* Debug */,
				5E94306823C35EE600F75717 /* Release */,
			);
			defaultConfigurationIsVisible = 0;
			defaultConfigurationName = Release;
		};
/* End XCConfigurationList section */
	};
	rootObject = 5E94302E23C35EE100F75717 /* Project object */;
}
